hash: 5d90505f1c2a3838fe093f77446273ca6f991e863f86293a6fdaf0090e46b97b
updated: 2017-04-26T16:22:58.357283196+05:30
imports:
- name: github.com/armon/go-metrics
  version: 93f237eba9b0602f3e73710416558854a81d9337
- name: github.com/armon/go-radix
  version: 4239b77079c7b5d1243b7b4736304ce8ddb6f0f2
- name: github.com/aws/aws-sdk-go
  version: 794fda00e282bfc6130f211b8dd39f14664db16f
  subpackages:
  - aws
  - aws/awserr
  - aws/awsutil
  - aws/client
  - aws/client/metadata
  - aws/corehandlers
  - aws/credentials
  - aws/credentials/ec2rolecreds
  - aws/credentials/endpointcreds
  - aws/credentials/stscreds
  - aws/defaults
  - aws/ec2metadata
  - aws/endpoints
  - aws/request
  - aws/session
  - aws/signer/v4
  - private/protocol
  - private/protocol/query
  - private/protocol/query/queryutil
  - private/protocol/rest
  - private/protocol/restxml
  - private/protocol/xml/xmlutil
  - private/waiter
  - service/s3
  - service/sts
- name: github.com/bgentry/go-netrc
  version: 9fd32a8b3d3d3f9d43c341bfe098430e07609480
  subpackages:
  - netrc
- name: github.com/bgentry/speakeasy
  version: 675b82c74c0ed12283ee81ba8a534c8982c07b85
- name: github.com/docker/docker
  version: 49bf474f9ed7ce7143a59d1964ff7b7fd9b52178
  subpackages:
  - cli
  - contrib
  - opts
  - pkg
- name: github.com/dustin/go-humanize
  version: ef638b6c2e62b857442c6443dace9366a48c0ee2
- name: github.com/fatih/structs
  version: a720dfa8df582c51dee1b36feabb906bde1588bd
- name: github.com/go-ini/ini
  version: 6f66b0e091edb3c7b380f7c4f0f884274d550b67
- name: github.com/gorhill/cronexpr
  version: d520615e531a6bf3fb69406b9eba718261285ec8
- name: github.com/gorilla/websocket
  version: a91eba7f97777409bc2c443f5534d41dd20c5720
- name: github.com/hashicorp/consul
  version: dc2a54a77b3b053e77298d4ce587bdf0bd0bcd1c
  subpackages:
  - api
- name: github.com/hashicorp/errwrap
  version: 7554cd9344cec97297fa6649b055a8c98c2a1e55
- name: github.com/hashicorp/go-cleanhttp
  version: ad28ea4487f05916463e2423a55166280e8254b5
- name: github.com/hashicorp/go-getter
  version: 2fbd997432e72fe36060c8f07ec1eaf98d098177
  subpackages:
  - helper/url
- name: github.com/hashicorp/go-msgpack
  version: fa3f63826f7c23912c15263591e65d54d080b458
  subpackages:
  - codec
- name: github.com/hashicorp/go-multierror
  version: ed905158d87462226a13fe39ddf685ea65f1c11f
- name: github.com/hashicorp/go-rootcerts
  version: 6bb64b370b90e7ef1fa532be9e591a81c3493e00
- name: github.com/hashicorp/go-version
  version: e96d3840402619007766590ecea8dd7af1292276
- name: github.com/hashicorp/hcl
  version: 80e628d796135357b3d2e33a985c666b9f35eee1
  subpackages:
  - hcl/ast
  - hcl/parser
  - hcl/scanner
  - hcl/strconv
  - hcl/token
  - json/parser
  - json/scanner
  - json/token
- name: github.com/hashicorp/nomad
  version: 103290a39e68c81d9216685318045ec56f498cc8
  subpackages:
  - api
  - helper
  - helper/args
  - helper/flatmap
  - jobspec
  - nomad/structs
  - nomad/structs/config
  - testutil
- name: github.com/hashicorp/raft
  version: 5f09c4ffdbcd2a53768e78c47717415de12b6728
- name: github.com/hashicorp/serf
  version: d3a67ab21bc8a4643fa53a3633f2d951dd50c6ca
  subpackages:
  - coordinate
- name: github.com/hashicorp/vault
  version: ba9f57a27eba3ad83249fc48832434b3ae33509d
  subpackages:
  - api
  - helper/compressutil
  - helper/jsonutil
- name: github.com/jmespath/go-jmespath
  version: bd40a432e4c76585ef6b72d3fd96fb9b6dc7b68d
- name: github.com/mattn/go-isatty
  version: 30a891c33c7cde7b02a981314b4228ec99380cca
- name: github.com/mitchellh/cli
  version: fa17b36f6c61f1ddbbb08c9f6fde94b3c065a09d
- name: github.com/mitchellh/colorstring
  version: 8631ce90f28644f54aeedcb3e389a85174e067d1
- name: github.com/mitchellh/copystructure
  version: 5af94aef99f597e6a9e1f6ac6be6ce0f3c96b49d
- name: github.com/mitchellh/go-homedir
  version: b8bc1bf767474819792c23f32d8286a45736f1c6
- name: github.com/mitchellh/hashstructure
  version: b098c52ef6beab8cd82bc4a32422cf54b890e8fa
- name: github.com/mitchellh/mapstructure
  version: bfdb1a85537d60bc7e954e600c250219ea497417
- name: github.com/mitchellh/reflectwalk
  version: 9ad27c461a633e32a235a061d523aefe8f18571d
- name: github.com/pkg/errors
  version: ff09b135c25aae272398c51a07235b90a75aa4f0
- name: github.com/rancher/go-rancher
  version: ec24b7f12fca9f78fbfcd62a0ea8bce14ade8792
  subpackages:
  - client
- name: github.com/ryanuber/columnize
  version: 983d3a5fab1bf04d1b412465d2d9f8430e2e917e
- name: github.com/sethgrid/pester
  version: 2c5fb962da6113d0968907fd81dba3ca35151d1c
- name: github.com/ugorji/go
  version: c88ee250d0221a57af388746f5cf03768c21d6e2 
  subpackages:
  - codec
- name: golang.org/x/sys
  version: d75a52659825e75fff6158388dddc6a5b04f9ba5
  subpackages:
  - unix
- name: gopkg.in/yaml.v2
  version: cd8b52f8269e0feb286dfeef29f8fe4d5b397e0b
testImports: []
