# This file is autogenerated, do not edit; changes may be undone by the next 'dep ensure'.


[[projects]]
  name = "github.com/Masterminds/semver"
  packages = ["."]
  revision = "15d8430ab86497c5c0da827b748823945e1cf1e1"
  version = "v1.4.0"

[[projects]]
  name = "github.com/Masterminds/sprig"
  packages = ["."]
  revision = "b217b9c388de2cacde4354c536e520c52c055563"
  version = "v2.14.1"

[[projects]]
  name = "github.com/PuerkitoBio/purell"
  packages = ["."]
  revision = "8a290539e2e8629dbc4e6bad948158f790ec31f4"
  version = "v1.0.0"

[[projects]]
  name = "github.com/PuerkitoBio/urlesc"
  packages = ["."]
  revision = "5bd2802263f21d8788851d5305584c82a5c75d7e"

[[projects]]
  name = "github.com/aokoli/goutils"
  packages = ["."]
  revision = "3391d3790d23d03408670993e957e8f408993c34"
  version = "v1.0.1"

[[projects]]
  name = "github.com/armon/go-metrics"
  packages = ["."]
  revision = "023a4bbe4bb9bfb23ee7e1afc8d0abad217641f3"

[[projects]]
  branch = "master"
  name = "github.com/beorn7/perks"
  packages = ["quantile"]
  revision = "4c0e84591b9aa9e6dcfdf3e020114cd81f89d5f9"

[[projects]]
  name = "github.com/davecgh/go-spew"
  packages = ["spew"]
  revision = "5215b55f46b2b919f50a1df0eaa5886afe4e3b3d"

[[projects]]
  name = "github.com/emicklei/go-restful"
  packages = [
    ".",
    "log"
  ]
  revision = "ff4f55a206334ef123e4f79bbf348980da81ca46"

[[projects]]
  name = "github.com/emicklei/go-restful-swagger12"
  packages = ["."]
  revision = "dcef7f55730566d41eae5db10e7d6981829720f6"
  version = "1.0.1"

[[projects]]
  name = "github.com/ghodss/yaml"
  packages = ["."]
  revision = "73d445a93680fa1a78ae23a5839bad48f32ba1ee"

[[projects]]
  name = "github.com/go-openapi/jsonpointer"
  packages = ["."]
  revision = "46af16f9f7b149af66e5d1bd010e3574dc06de98"

[[projects]]
  name = "github.com/go-openapi/jsonreference"
  packages = ["."]
  revision = "13c6e3589ad90f49bd3e3bbe2c2cb3d7a4142272"

[[projects]]
  name = "github.com/go-openapi/spec"
  packages = ["."]
  revision = "6aced65f8501fe1217321abf0749d354824ba2ff"

[[projects]]
  name = "github.com/go-openapi/swag"
  packages = ["."]
  revision = "1d0bd113de87027671077d3c71eb3ac5d7dbba72"

[[projects]]
  name = "github.com/gogo/protobuf"
  packages = [
    "proto",
    "sortkeys"
  ]
  revision = "c0656edd0d9eab7c66d1eb0c568f9039345796f7"

[[projects]]
  name = "github.com/golang/glog"
  packages = ["."]
  revision = "44145f04b68cf362d9c4df2182967c2275eaefed"

[[projects]]
  branch = "master"
  name = "github.com/golang/groupcache"
  packages = ["lru"]
  revision = "66deaeb636dff1ac7d938ce666d090556056a4b0"

[[projects]]
  branch = "master"
  name = "github.com/golang/protobuf"
  packages = [
    "proto",
    "ptypes",
    "ptypes/any",
    "ptypes/duration",
    "ptypes/timestamp"
  ]
  revision = "130e6b02ab059e7b717a096f397c5b60111cae74"

[[projects]]
  branch = "master"
  name = "github.com/google/btree"
  packages = ["."]
  revision = "316fb6d3f031ae8f4d457c6c5186b9e3ded70435"

[[projects]]
  name = "github.com/google/gofuzz"
  packages = ["."]
  revision = "44d81051d367757e1c7c6a5a86423ece9afcf63c"

[[projects]]
  name = "github.com/googleapis/gnostic"
  packages = [
    "OpenAPIv2",
    "compiler",
    "extensions"
  ]
  revision = "ee43cbb60db7bd22502942cccbc39059117352ab"
  version = "v0.1.0"

[[projects]]
  branch = "master"
  name = "github.com/gorhill/cronexpr"
  packages = ["."]
  revision = "d520615e531a6bf3fb69406b9eba718261285ec8"

[[projects]]
  branch = "master"
  name = "github.com/gregjones/httpcache"
  packages = [
    ".",
    "diskcache"
  ]
  revision = "22a0b1feae53974ed4cfe27bcce70dba061cc5fd"

[[projects]]
  name = "github.com/hashicorp/consul"
  packages = ["api"]
  revision = "91dfa3d31da5291b94a36e200d418e60113c24c6"

[[projects]]
  branch = "master"
  name = "github.com/hashicorp/errwrap"
  packages = ["."]
  revision = "7554cd9344cec97297fa6649b055a8c98c2a1e55"

[[projects]]
  branch = "master"
  name = "github.com/hashicorp/go-cleanhttp"
  packages = ["."]
  revision = "3573b8b52aa7b37b9358d966a898feb387f62437"

[[projects]]
  branch = "master"
  name = "github.com/hashicorp/go-immutable-radix"
  packages = ["."]
  revision = "8aac2701530899b64bdea735a1de8da899815220"

[[projects]]
  branch = "master"
  name = "github.com/hashicorp/go-msgpack"
  packages = ["codec"]
  revision = "fa3f63826f7c23912c15263591e65d54d080b458"

[[projects]]
  branch = "master"
  name = "github.com/hashicorp/go-multierror"
  packages = ["."]
  revision = "83588e72410abfbe4df460eeb6f30841ae47d4c4"

[[projects]]
  branch = "master"
  name = "github.com/hashicorp/go-rootcerts"
  packages = ["."]
  revision = "6bb64b370b90e7ef1fa532be9e591a81c3493e00"

[[projects]]
  name = "github.com/hashicorp/go-version"
  packages = ["."]
  revision = "03c5bf6be031b6dd45afec16b1cf94fc8938bc77"

[[projects]]
  name = "github.com/hashicorp/golang-lru"
  packages = [
    ".",
    "simplelru"
  ]
  revision = "a0d98a5f288019575c6d1f4bb1573fef2d1fcdc4"

[[projects]]
  name = "github.com/hashicorp/hcl"
  packages = [
    ".",
    "hcl/ast",
    "hcl/parser",
    "hcl/scanner",
    "hcl/strconv",
    "hcl/token",
    "json/parser",
    "json/scanner",
    "json/token"
  ]
  revision = "d8c773c4cba11b11539e3d45f93daeaa5dcf1fa1"

[[projects]]
  name = "github.com/hashicorp/nomad"
  packages = [
    "api",
    "helper",
    "helper/args",
    "helper/flatmap",
    "nomad/structs"
  ]
  revision = "103290a39e68c81d9216685318045ec56f498cc8"
  version = "v0.5.5"

[[projects]]
  name = "github.com/hashicorp/raft"
  packages = ["."]
  revision = "3a6f3bdfe4fc69e300c6d122b1a92051af6f0b95"

[[projects]]
  name = "github.com/hashicorp/serf"
  packages = ["coordinate"]
  revision = "b84a66cc5575994cb672940d244a2404141688c0"

[[projects]]
  branch = "master"
  name = "github.com/howeyc/gopass"
  packages = ["."]
  revision = "bf9dde6d0d2c004a008c27aaee91170c786f6db8"

[[projects]]
  branch = "master"
  name = "github.com/huandu/xstrings"
  packages = ["."]
  revision = "37469d0c81a7910b49d64a0d308ded4823e90937"

[[projects]]
  name = "github.com/imdario/mergo"
  packages = ["."]
  revision = "163f41321a19dd09362d4c63cc2489db2015f1f4"
  version = "0.3.2"

[[projects]]
  name = "github.com/inconshreveable/mousetrap"
  packages = ["."]
  revision = "76626ae9c91c4f2a10f34cad8ce83ea42c93bb75"
  version = "v1.0"

[[projects]]
  name = "github.com/json-iterator/go"
  packages = ["."]
  revision = "f7279a603edee96fe7764d3de9c6ff8cf9970994"
  version = "1.0.4"

[[projects]]
  branch = "master"
  name = "github.com/juju/ratelimit"
  packages = ["."]
  revision = "5b9ff866471762aa2ab2dced63c9fb6f53921342"

[[projects]]
  name = "github.com/mailru/easyjson"
  packages = [
    "buffer",
    "jlexer",
    "jwriter"
  ]
  revision = "d5b7844b561a7bc640052f1b935f7b800330d7e0"

[[projects]]
  name = "github.com/matttproud/golang_protobuf_extensions"
  packages = ["pbutil"]
  revision = "3247c84500bff8d9fb6d579d800f20b3e091582c"
  version = "v1.0.0"

[[projects]]
  branch = "master"
  name = "github.com/mitchellh/copystructure"
  packages = ["."]
  revision = "d23ffcb85de31694d6ccaa23ccb4a03e55c1303f"

[[projects]]
  branch = "master"
  name = "github.com/mitchellh/go-homedir"
  packages = ["."]
  revision = "b8bc1bf767474819792c23f32d8286a45736f1c6"

[[projects]]
  branch = "master"
  name = "github.com/mitchellh/hashstructure"
  packages = ["."]
  revision = "2bca23e0e452137f789efbc8610126fd8b94f73b"

[[projects]]
  name = "github.com/mitchellh/mapstructure"
  packages = ["."]
  revision = "53818660ed4955e899c0bcafa97299a388bd7c8e"

[[projects]]
  branch = "master"
  name = "github.com/mitchellh/reflectwalk"
  packages = ["."]
  revision = "63d60e9d0dbc60cf9164e6510889b0db6683d98c"

[[projects]]
  branch = "master"
  name = "github.com/petar/GoLLRB"
  packages = ["llrb"]
  revision = "53be0d36a84c2a886ca057d34b6aa4468df9ccb4"

[[projects]]
  name = "github.com/peterbourgon/diskv"
  packages = ["."]
  revision = "5f041e8faa004a95c88a202771f4cc3e991971e6"
  version = "v2.0.1"

[[projects]]
  name = "github.com/prometheus/client_golang"
  packages = [
    "prometheus",
    "prometheus/promhttp"
  ]
  revision = "c5b7fccd204277076155f10851dad72b76a49317"
  version = "v0.8.0"

[[projects]]
  branch = "master"
  name = "github.com/prometheus/client_model"
  packages = ["go"]
  revision = "6f3806018612930941127f2a7c6c453ba2c527d2"

[[projects]]
  branch = "master"
  name = "github.com/prometheus/common"
  packages = [
    "expfmt",
    "internal/bitbucket.org/ww/goautoneg",
    "model"
  ]
  revision = "1bab55dd05dbff384524a6a1c99006d9eb5f139b"

[[projects]]
  branch = "master"
  name = "github.com/prometheus/procfs"
  packages = [
    ".",
    "xfs"
  ]
  revision = "e645f4e5aaa8506fc71d6edbc5c4ff02c04c46f2"

[[projects]]
  name = "github.com/ryanuber/columnize"
  packages = ["."]
  revision = "983d3a5fab1bf04d1b412465d2d9f8430e2e917e"
  version = "v2.1.0"

[[projects]]
  name = "github.com/satori/go.uuid"
  packages = ["."]
  revision = "f58768cc1a7a7e77a3bd49e98cdd21419399b6a3"
  version = "v1.2.0"

[[projects]]
  name = "github.com/spf13/cobra"
  packages = ["."]
  revision = "4a7b7e65864c064d48dce82efbbfed2bdc0bf2aa"

[[projects]]
  name = "github.com/spf13/pflag"
  packages = ["."]
  revision = "e57e3eeb33f795204c1ca35f56c44f83227c6e66"
  version = "v1.0.0"

[[projects]]
  name = "github.com/ugorji/go"
  packages = ["codec"]
  revision = "ded73eae5db7e7a0ef6f55aace87a2873c5d2b74"

[[projects]]
  branch = "master"
  name = "golang.org/x/crypto"
  packages = [
    "pbkdf2",
    "scrypt",
    "ssh/terminal"
  ]
  revision = "1875d0a70c90e57f11972aefd42276df65e895b9"

[[projects]]
  name = "golang.org/x/net"
  packages = [
    "context",
    "http2",
    "http2/hpack",
    "idna",
    "lex/httplex"
  ]
  revision = "f2499483f923065a842d38eb4c7f1927e6fc6e6d"

[[projects]]
  branch = "master"
  name = "golang.org/x/sys"
  packages = [
    "unix",
    "windows"
  ]
  revision = "37707fdb30a5b38865cfb95e5aab41707daec7fd"

[[projects]]
  name = "golang.org/x/text"
  packages = [
    "cases",
    "internal/gen",
    "internal/tag",
    "internal/triegen",
    "internal/ucd",
    "language",
    "runes",
    "secure/bidirule",
    "secure/precis",
    "transform",
    "unicode/bidi",
    "unicode/cldr",
    "unicode/norm",
    "unicode/rangetable",
    "width"
  ]
  revision = "2910a502d2bf9e43193af9d68ca516529614eed3"

[[projects]]
  name = "gopkg.in/inf.v0"
  packages = ["."]
  revision = "3887ee99ecf07df5b447e9b00d9c0b2adaa9f3e4"
  version = "v0.9.0"

[[projects]]
  name = "gopkg.in/yaml.v2"
  packages = ["."]
  revision = "53feefa2559fb8dfa8d81baad31be332c97d6c77"

[[projects]]
  branch = "release-1.8"
  name = "k8s.io/api"
  packages = [
    "admissionregistration/v1alpha1",
    "apps/v1beta1",
    "apps/v1beta2",
    "authentication/v1",
    "authentication/v1beta1",
    "authorization/v1",
    "authorization/v1beta1",
    "autoscaling/v1",
    "autoscaling/v2beta1",
    "batch/v1",
    "batch/v1beta1",
    "batch/v2alpha1",
    "certificates/v1beta1",
    "core/v1",
    "extensions/v1beta1",
    "networking/v1",
    "policy/v1beta1",
    "rbac/v1",
    "rbac/v1alpha1",
    "rbac/v1beta1",
    "scheduling/v1alpha1",
    "settings/v1alpha1",
    "storage/v1",
    "storage/v1beta1"
  ]
  revision = "4df58c811fe2e65feb879227b2b245e4dc26e7ad"

[[projects]]
  branch = "release-1.8"
  name = "k8s.io/apimachinery"
  packages = [
    "pkg/api/equality",
    "pkg/api/errors",
    "pkg/api/meta",
    "pkg/api/resource",
    "pkg/apis/meta/internalversion",
    "pkg/apis/meta/v1",
    "pkg/apis/meta/v1/unstructured",
    "pkg/apis/meta/v1alpha1",
    "pkg/conversion",
    "pkg/conversion/queryparams",
    "pkg/conversion/unstructured",
    "pkg/fields",
    "pkg/labels",
    "pkg/runtime",
    "pkg/runtime/schema",
    "pkg/runtime/serializer",
    "pkg/runtime/serializer/json",
    "pkg/runtime/serializer/protobuf",
    "pkg/runtime/serializer/recognizer",
    "pkg/runtime/serializer/streaming",
    "pkg/runtime/serializer/versioning",
    "pkg/selection",
    "pkg/types",
    "pkg/util/cache",
    "pkg/util/clock",
    "pkg/util/diff",
    "pkg/util/errors",
    "pkg/util/framer",
    "pkg/util/intstr",
    "pkg/util/json",
    "pkg/util/mergepatch",
    "pkg/util/net",
    "pkg/util/runtime",
    "pkg/util/sets",
    "pkg/util/strategicpatch",
    "pkg/util/validation",
    "pkg/util/validation/field",
    "pkg/util/wait",
    "pkg/util/yaml",
    "pkg/version",
    "pkg/watch",
    "third_party/forked/golang/json",
    "third_party/forked/golang/reflect"
  ]
  revision = "019ae5ada31de202164b118aee88ee2d14075c31"

[[projects]]
  name = "k8s.io/client-go"
  packages = [
    "discovery",
    "discovery/fake",
    "informers",
    "informers/admissionregistration",
    "informers/admissionregistration/v1alpha1",
    "informers/apps",
    "informers/apps/v1beta1",
    "informers/apps/v1beta2",
    "informers/autoscaling",
    "informers/autoscaling/v1",
    "informers/autoscaling/v2beta1",
    "informers/batch",
    "informers/batch/v1",
    "informers/batch/v1beta1",
    "informers/batch/v2alpha1",
    "informers/certificates",
    "informers/certificates/v1beta1",
    "informers/core",
    "informers/core/v1",
    "informers/extensions",
    "informers/extensions/v1beta1",
    "informers/internalinterfaces",
    "informers/networking",
    "informers/networking/v1",
    "informers/policy",
    "informers/policy/v1beta1",
    "informers/rbac",
    "informers/rbac/v1",
    "informers/rbac/v1alpha1",
    "informers/rbac/v1beta1",
    "informers/scheduling",
    "informers/scheduling/v1alpha1",
    "informers/settings",
    "informers/settings/v1alpha1",
    "informers/storage",
    "informers/storage/v1",
    "informers/storage/v1beta1",
    "kubernetes",
    "kubernetes/scheme",
    "kubernetes/typed/admissionregistration/v1alpha1",
    "kubernetes/typed/apps/v1beta1",
    "kubernetes/typed/apps/v1beta2",
    "kubernetes/typed/authentication/v1",
    "kubernetes/typed/authentication/v1beta1",
    "kubernetes/typed/authorization/v1",
    "kubernetes/typed/authorization/v1beta1",
    "kubernetes/typed/autoscaling/v1",
    "kubernetes/typed/autoscaling/v2beta1",
    "kubernetes/typed/batch/v1",
    "kubernetes/typed/batch/v1beta1",
    "kubernetes/typed/batch/v2alpha1",
    "kubernetes/typed/certificates/v1beta1",
    "kubernetes/typed/core/v1",
    "kubernetes/typed/extensions/v1beta1",
    "kubernetes/typed/networking/v1",
    "kubernetes/typed/policy/v1beta1",
    "kubernetes/typed/rbac/v1",
    "kubernetes/typed/rbac/v1alpha1",
    "kubernetes/typed/rbac/v1beta1",
    "kubernetes/typed/scheduling/v1alpha1",
    "kubernetes/typed/settings/v1alpha1",
    "kubernetes/typed/storage/v1",
    "kubernetes/typed/storage/v1beta1",
    "listers/admissionregistration/v1alpha1",
    "listers/apps/v1beta1",
    "listers/apps/v1beta2",
    "listers/autoscaling/v1",
    "listers/autoscaling/v2beta1",
    "listers/batch/v1",
    "listers/batch/v1beta1",
    "listers/batch/v2alpha1",
    "listers/certificates/v1beta1",
    "listers/core/v1",
    "listers/extensions/v1beta1",
    "listers/networking/v1",
    "listers/policy/v1beta1",
    "listers/rbac/v1",
    "listers/rbac/v1alpha1",
    "listers/rbac/v1beta1",
    "listers/scheduling/v1alpha1",
    "listers/settings/v1alpha1",
    "listers/storage/v1",
    "listers/storage/v1beta1",
    "pkg/version",
    "rest",
    "rest/watch",
    "testing",
    "tools/auth",
    "tools/cache",
    "tools/clientcmd",
    "tools/clientcmd/api",
    "tools/clientcmd/api/latest",
    "tools/clientcmd/api/v1",
    "tools/metrics",
    "tools/pager",
    "tools/record",
    "tools/reference",
    "transport",
    "util/cert",
    "util/flowcontrol",
    "util/homedir",
    "util/integer",
    "util/testing",
    "util/workqueue"
  ]
  revision = "2ae454230481a7cb5544325e12ad7658ecccd19b"
  version = "v5.0.1"

[[projects]]
  branch = "release-1.8"
  name = "k8s.io/code-generator"
  packages = [
    "cmd/client-gen",
    "cmd/client-gen/args",
    "cmd/client-gen/generators",
    "cmd/client-gen/generators/fake",
    "cmd/client-gen/generators/scheme",
    "cmd/client-gen/generators/util",
    "cmd/client-gen/path",
    "cmd/client-gen/types"
  ]
  revision = "6db2ee6aa9ab51230d6e0d970b398274a88e81b0"

[[projects]]
  name = "k8s.io/gengo"
  packages = [
    "args",
    "generator",
    "namer",
    "parser",
    "types"
  ]
  revision = "9e661e9308f078838e266cca1c673922088c0ea4"

[[projects]]
  branch = "master"
  name = "k8s.io/kube-openapi"
  packages = ["pkg/common"]
  revision = "39a7bf85c140f972372c2a0d1ee40adbf0c8bfe1"

[solve-meta]
  analyzer-name = "dep"
  analyzer-version = 1
  inputs-digest = "05035a01ce3ca3c3b3638114be272489b23697e1e1e16563b47a7b5187fd68ab"
  solver-name = "gps-cdcl"
  solver-version = 1
